{
  "nodes": {
    "flake-utils": {
      "inputs": {
        "systems": "systems"
      },
      "locked": {
        "lastModified": 1731533236,
        "narHash": "sha256-l0KFg5HjrsfsO/JpG+r7fRrqm12kzFHyUHqHCVpMMbI=",
        "owner": "numtide",
        "repo": "flake-utils",
        "rev": "11707dc2f618dd54ca8739b309ec4fc024de578b",
        "type": "github"
      },
      "original": {
        "owner": "numtide",
        "repo": "flake-utils",
        "type": "github"
      }
    },
    "nixpkgs": {
      "locked": {
        "lastModified": 1741851582,
        "narHash": "sha256-cPfs8qMccim2RBgtKGF+x9IBCduRvd/N5F4nYpU0TVE=",
        "owner": "NixOS",
        "repo": "nixpkgs",
        "rev": "6607cf789e541e7873d40d3a8f7815ea92204f32",
        "type": "github"
      },
      "original": {
        "owner": "NixOS",
        "ref": "nixos-unstable",
        "repo": "nixpkgs",
        "type": "github"
      }
    },
    "nixpkgs_2": {
      "locked": {
        "lastModified": 1738435198,
        "narHash": "sha256-5+Hmo4nbqw8FrW85FlNm4IIrRnZ7bn0cmXlScNsNRLo=",
        "owner": "NixOS",
        "repo": "nixpkgs",
        "rev": "f6687779bf4c396250831aa5a32cbfeb85bb07a3",
        "type": "github"
      },
      "original": {
        "owner": "NixOS",
        "ref": "nixos-24.11",
        "repo": "nixpkgs",
        "type": "github"
      }
    },
    "nixpkgs_3": {
      "locked": {
        "lastModified": 1738297584,
        "narHash": "sha256-AYvaFBzt8dU0fcSK2jKD0Vg23K2eIRxfsVXIPCW9a0E=",
        "owner": "nixos",
        "repo": "nixpkgs",
        "rev": "9189ac18287c599860e878e905da550aa6dec1cd",
        "type": "github"
      },
      "original": {
        "owner": "nixos",
        "ref": "nixpkgs-unstable",
        "repo": "nixpkgs",
        "type": "github"
      }
    },
    "root": {
      "inputs": {
        "flake-utils": "flake-utils",
        "nixpkgs": "nixpkgs",
        "run-in-cloud": "run-in-cloud",
        "rust-overlay": "rust-overlay",
        "wally-nix": "wally-nix"
      }
    },
    "run-in-cloud": {
      "inputs": {
        "flake-utils": [
          "flake-utils"
        ],
        "nixpkgs": "nixpkgs_2",
        "rust-overlay": [
          "rust-overlay"
        ]
      },
      "locked": {
        "lastModified": 1738547242,
        "narHash": "sha256-P49eGFewG+aFjtkptO1IraJFbuh1NdZlJ0LIke+RS6k=",
        "owner": "techs-sus",
        "repo": "run-in-cloud",
        "rev": "259e62ff4f43dd6c4be2728da65e06e825120db1",
        "type": "github"
      },
      "original": {
        "owner": "techs-sus",
        "repo": "run-in-cloud",
        "type": "github"
      }
    },
    "rust-overlay": {
      "inputs": {
        "nixpkgs": [
          "nixpkgs"
        ]
      },
      "locked": {
        "lastModified": 1742005800,
        "narHash": "sha256-6wuOGWkyW6R4A6Th9NMi6WK2jjddvZt7V2+rLPk6L3o=",
        "owner": "oxalica",
        "repo": "rust-overlay",
        "rev": "028cd247a6375f83b94adc33d83676480fc9c294",
        "type": "github"
      },
      "original": {
        "owner": "oxalica",
        "repo": "rust-overlay",
        "type": "github"
      }
    },
    "systems": {
      "locked": {
        "lastModified": 1681028828,
        "narHash": "sha256-Vy1rq5AaRuLzOxct8nz4T6wlgyUR7zLU309k9mBC768=",
        "owner": "nix-systems",
        "repo": "default",
        "rev": "da67096a3b9bf56a91d16901293e51ba5b49a27e",
        "type": "github"
      },
      "original": {
        "owner": "nix-systems",
        "repo": "default",
        "type": "github"
      }
    },
    "wally-nix": {
      "inputs": {
        "nixpkgs": "nixpkgs_3",
        "wallySource": "wallySource"
      },
      "locked": {
        "lastModified": 1738427593,
        "narHash": "sha256-oixdmV7RRtURrGHLBOmWsaKqjBUomb4OuzBZsXunIq4=",
        "owner": "techs-sus",
        "repo": "wally-nix",
        "rev": "0112125510d8706707cf586a27345733a6e42b1e",
        "type": "github"
      },
      "original": {
        "owner": "techs-sus",
        "repo": "wally-nix",
        "type": "github"
      }
    },
    "wallySource": {
      "flake": false,
      "locked": {
        "lastModified": 1735854515,
        "narHash": "sha256-LuDACyD3gW16/Y+YMKjcnHGiTA1W8zJGOXobBebA0c4=",
        "owner": "UpliftGames",
        "repo": "wally",
        "rev": "2c928d9dcd0cee67bd5869d44970ad3e70e9fb58",
        "type": "github"
      },
      "original": {
        "owner": "UpliftGames",
        "repo": "wally",
        "type": "github"
      }
    }
  },
  "root": "root",
  "version": 7
}
